
Microsoft Visual Studio Solution File, Format Version 12.00
# Visual Studio 15
VisualStudioVersion = 15.0.26124.0
MinimumVisualStudioVersion = 15.0.26124.0
Project("{FAE04EC0-301F-11D3-BF4B-00C04F79EFBC}") = "Trees.Core", "Trees.Core\Trees.Core.csproj", "{8C3A138B-3DA2-4621-8D57-0842A5E88B0B}"
EndProject
Project("{FAE04EC0-301F-11D3-BF4B-00C04F79EFBC}") = "Trees.Console", "Trees.Console\Trees.Console.csproj", "{B7624A2E-37CC-4D90-803C-CCCF544898EF}"
EndProject
Project("{FAE04EC0-301F-11D3-BF4B-00C04F79EFBC}") = "Trees.Web", "Trees.Web\Trees.Web.csproj", "{7161FBCC-6FBA-4CCD-B2DC-2D719965CD08}"
EndProject
Global
	GlobalSection(SolutionConfigurationPlatforms) = preSolution
		Debug|Any CPU = Debug|Any CPU
		Debug|x64 = Debug|x64
		Debug|x86 = Debug|x86
		Release|Any CPU = Release|Any CPU
		Release|x64 = Release|x64
		Release|x86 = Release|x86
	EndGlobalSection
	GlobalSection(SolutionProperties) = preSolution
		HideSolutionNode = FALSE
	EndGlobalSection
	GlobalSection(ProjectConfigurationPlatforms) = postSolution
		{B7624A2E-37CC-4D90-803C-CCCF544898EF}.Debug|Any CPU.ActiveCfg = Debug|Any CPU
		{B7624A2E-37CC-4D90-803C-CCCF544898EF}.Debug|Any CPU.Build.0 = Debug|Any CPU
		{B7624A2E-37CC-4D90-803C-CCCF544898EF}.Debug|x64.ActiveCfg = Debug|x64
		{B7624A2E-37CC-4D90-803C-CCCF544898EF}.Debug|x64.Build.0 = Debug|x64
		{B7624A2E-37CC-4D90-803C-CCCF544898EF}.Debug|x86.ActiveCfg = Debug|x86
		{B7624A2E-37CC-4D90-803C-CCCF544898EF}.Debug|x86.Build.0 = Debug|x86
		{B7624A2E-37CC-4D90-803C-CCCF544898EF}.Release|Any CPU.ActiveCfg = Release|Any CPU
		{B7624A2E-37CC-4D90-803C-CCCF544898EF}.Release|Any CPU.Build.0 = Release|Any CPU
		{B7624A2E-37CC-4D90-803C-CCCF544898EF}.Release|x64.ActiveCfg = Release|x64
		{B7624A2E-37CC-4D90-803C-CCCF544898EF}.Release|x64.Build.0 = Release|x64
		{B7624A2E-37CC-4D90-803C-CCCF544898EF}.Release|x86.ActiveCfg = Release|x86
		{B7624A2E-37CC-4D90-803C-CCCF544898EF}.Release|x86.Build.0 = Release|x86
		{8C3A138B-3DA2-4621-8D57-0842A5E88B0B}.Debug|Any CPU.ActiveCfg = Debug|Any CPU
		{8C3A138B-3DA2-4621-8D57-0842A5E88B0B}.Debug|Any CPU.Build.0 = Debug|Any CPU
		{8C3A138B-3DA2-4621-8D57-0842A5E88B0B}.Debug|x64.ActiveCfg = Debug|x64
		{8C3A138B-3DA2-4621-8D57-0842A5E88B0B}.Debug|x64.Build.0 = Debug|x64
		{8C3A138B-3DA2-4621-8D57-0842A5E88B0B}.Debug|x86.ActiveCfg = Debug|x86
		{8C3A138B-3DA2-4621-8D57-0842A5E88B0B}.Debug|x86.Build.0 = Debug|x86
		{8C3A138B-3DA2-4621-8D57-0842A5E88B0B}.Release|Any CPU.ActiveCfg = Release|Any CPU
		{8C3A138B-3DA2-4621-8D57-0842A5E88B0B}.Release|Any CPU.Build.0 = Release|Any CPU
		{8C3A138B-3DA2-4621-8D57-0842A5E88B0B}.Release|x64.ActiveCfg = Release|x64
		{8C3A138B-3DA2-4621-8D57-0842A5E88B0B}.Release|x64.Build.0 = Release|x64
		{8C3A138B-3DA2-4621-8D57-0842A5E88B0B}.Release|x86.ActiveCfg = Release|x86
		{8C3A138B-3DA2-4621-8D57-0842A5E88B0B}.Release|x86.Build.0 = Release|x86
		{7161FBCC-6FBA-4CCD-B2DC-2D719965CD08}.Debug|Any CPU.ActiveCfg = Debug|Any CPU
		{7161FBCC-6FBA-4CCD-B2DC-2D719965CD08}.Debug|Any CPU.Build.0 = Debug|Any CPU
		{7161FBCC-6FBA-4CCD-B2DC-2D719965CD08}.Debug|x64.ActiveCfg = Debug|x64
		{7161FBCC-6FBA-4CCD-B2DC-2D719965CD08}.Debug|x64.Build.0 = Debug|x64
		{7161FBCC-6FBA-4CCD-B2DC-2D719965CD08}.Debug|x86.ActiveCfg = Debug|x86
		{7161FBCC-6FBA-4CCD-B2DC-2D719965CD08}.Debug|x86.Build.0 = Debug|x86
		{7161FBCC-6FBA-4CCD-B2DC-2D719965CD08}.Release|Any CPU.ActiveCfg = Release|Any CPU
		{7161FBCC-6FBA-4CCD-B2DC-2D719965CD08}.Release|Any CPU.Build.0 = Release|Any CPU
		{7161FBCC-6FBA-4CCD-B2DC-2D719965CD08}.Release|x64.ActiveCfg = Release|x64
		{7161FBCC-6FBA-4CCD-B2DC-2D719965CD08}.Release|x64.Build.0 = Release|x64
		{7161FBCC-6FBA-4CCD-B2DC-2D719965CD08}.Release|x86.ActiveCfg = Release|x86
		{7161FBCC-6FBA-4CCD-B2DC-2D719965CD08}.Release|x86.Build.0 = Release|x86
	EndGlobalSection
EndGlobal
